<?xml version="1.0" encoding="utf-8"?>
<Project ToolsVersion="4.0" xmlns="http://schemas.microsoft.com/developer/msbuild/2003">
  <ItemGroup>
    <Filter Include="Source Files">
      <UniqueIdentifier>{4FC737F1-C7A5-4376-A066-2A32D752A2FF}</UniqueIdentifier>
      <Extensions>cpp;c;cc;cxx;def;odl;idl;hpj;bat;asm;asmx</Extensions>
    </Filter>
    <Filter Include="Header Files">
      <UniqueIdentifier>{93995380-89BD-4b04-88EB-625FBE52EBFB}</UniqueIdentifier>
      <Extensions>h;hh;hpp;hxx;hm;inl;inc;xsd</Extensions>
    </Filter>
    <Filter Include="Resource Files">
      <UniqueIdentifier>{67DA6AB6-F800-4c08-8B7A-83BB121AAD01}</UniqueIdentifier>
      <Extensions>rc;ico;cur;bmp;dlg;rc2;rct;bin;rgs;gif;jpg;jpeg;jpe;resx;tiff;tif;png;wav;mfcribbon-ms</Extensions>
    </Filter>
    <Filter Include="Test">
      <UniqueIdentifier>{5f3bd874-0027-4bf9-a07b-72d03afdd965}</UniqueIdentifier>
    </Filter>
  </ItemGroup>
  <ItemGroup>
    <ClInclude Include="System.h">
      <Filter>Header Files</Filter>
    </ClInclude>
    <ClInclude Include="vm_declarations.h">
      <Filter>Header Files</Filter>
    </ClInclude>
    <ClInclude Include="Process.h">
      <Filter>Header Files</Filter>
    </ClInclude>
    <ClInclude Include="KernelSystem.h">
      <Filter>Header Files</Filter>
    </ClInclude>
    <ClInclude Include="part.h">
      <Filter>Header Files</Filter>
    </ClInclude>
    <ClInclude Include="KernelProcess.h">
      <Filter>Header Files</Filter>
    </ClInclude>
    <ClInclude Include="ProcessList.h">
      <Filter>Header Files</Filter>
    </ClInclude>
    <ClInclude Include="PMTable.h">
      <Filter>Header Files</Filter>
    </ClInclude>
    <ClInclude Include="PMTSlabAlloc.h">
      <Filter>Header Files</Filter>
    </ClInclude>
    <ClInclude Include="Test\RandomNumberGenerator.h">
      <Filter>Header Files</Filter>
    </ClInclude>
    <ClInclude Include="Test\SystemTest.h">
      <Filter>Header Files</Filter>
    </ClInclude>
    <ClInclude Include="Test\ProcessTest.h">
      <Filter>Header Files</Filter>
    </ClInclude>
  </ItemGroup>
  <ItemGroup>
    <ClCompile Include="Process.cpp">
      <Filter>Source Files</Filter>
    </ClCompile>
    <ClCompile Include="System.cpp">
      <Filter>Source Files</Filter>
    </ClCompile>
    <ClCompile Include="KernelSystem.cpp">
      <Filter>Source Files</Filter>
    </ClCompile>
    <ClCompile Include="KernelProcess.cpp">
      <Filter>Source Files</Filter>
    </ClCompile>
    <ClCompile Include="PMTSlabAlloc.cpp">
      <Filter>Source Files</Filter>
    </ClCompile>
    <ClCompile Include="PMTable.cpp">
      <Filter>Source Files</Filter>
    </ClCompile>
    <ClCompile Include="Test\RandomNumberGenerator.cpp">
      <Filter>Source Files</Filter>
    </ClCompile>
    <ClCompile Include="Test\SystemTest.cpp">
      <Filter>Source Files</Filter>
    </ClCompile>
    <ClCompile Include="Test\main.cpp">
      <Filter>Source Files</Filter>
    </ClCompile>
    <ClCompile Include="Test\ProcessTest.cpp">
      <Filter>Source Files</Filter>
    </ClCompile>
    <ClCompile Include="ProcessList.cpp">
      <Filter>Source Files</Filter>
    </ClCompile>
  </ItemGroup>
</Project>